
Microsoft Visual Studio Solution File, Format Version 12.00
# Visual Studio Version 16
VisualStudioVersion = 16.0.31402.337
MinimumVisualStudioVersion = 10.0.40219.1
Project("{FAE04EC0-301F-11D3-BF4B-00C04F79EFBC}") = "agn_ifc2room", "agn_ifc2room\agn_ifc2room.csproj", "{5865417E-EC9F-4CC0-BE46-01F4A36928E0}"
EndProject
Global
	GlobalSection(SolutionConfigurationPlatforms) = preSolution
		DBG20|Any CPU = DBG20|Any CPU
		DBG21|Any CPU = DBG21|Any CPU
		DBG22|Any CPU = DBG22|Any CPU
		DBG23|Any CPU = DBG23|Any CPU
		Debug|Any CPU = Debug|Any CPU
		Release|Any CPU = Release|Any CPU
	EndGlobalSection
	GlobalSection(ProjectConfigurationPlatforms) = postSolution
		{5865417E-EC9F-4CC0-BE46-01F4A36928E0}.DBG20|Any CPU.ActiveCfg = DBG20|Any CPU
		{5865417E-EC9F-4CC0-BE46-01F4A36928E0}.DBG20|Any CPU.Build.0 = DBG20|Any CPU
		{5865417E-EC9F-4CC0-BE46-01F4A36928E0}.DBG21|Any CPU.ActiveCfg = DBG21|Any CPU
		{5865417E-EC9F-4CC0-BE46-01F4A36928E0}.DBG21|Any CPU.Build.0 = DBG21|Any CPU
		{5865417E-EC9F-4CC0-BE46-01F4A36928E0}.DBG22|Any CPU.ActiveCfg = DBG22|Any CPU
		{5865417E-EC9F-4CC0-BE46-01F4A36928E0}.DBG22|Any CPU.Build.0 = DBG22|Any CPU
		{5865417E-EC9F-4CC0-BE46-01F4A36928E0}.DBG23|Any CPU.ActiveCfg = DBG23|Any CPU
		{5865417E-EC9F-4CC0-BE46-01F4A36928E0}.DBG23|Any CPU.Build.0 = DBG23|Any CPU
		{5865417E-EC9F-4CC0-BE46-01F4A36928E0}.Debug|Any CPU.ActiveCfg = Debug|Any CPU
		{5865417E-EC9F-4CC0-BE46-01F4A36928E0}.Debug|Any CPU.Build.0 = Debug|Any CPU
		{5865417E-EC9F-4CC0-BE46-01F4A36928E0}.Release|Any CPU.ActiveCfg = Release|Any CPU
		{5865417E-EC9F-4CC0-BE46-01F4A36928E0}.Release|Any CPU.Build.0 = Release|Any CPU
	EndGlobalSection
	GlobalSection(SolutionProperties) = preSolution
		HideSolutionNode = FALSE
	EndGlobalSection
	GlobalSection(ExtensibilityGlobals) = postSolution
		SolutionGuid = {34EF5DD4-DCA5-4214-9706-B61EA9A49A48}
	EndGlobalSection
EndGlobal
